PODS:
  - HLCustomTransitions (0.1.0)

DEPENDENCIES:
  - HLCustomTransitions (from `../`)

EXTERNAL SOURCES:
  HLCustomTransitions:
    :path: "../"

SPEC CHECKSUMS:
  HLCustomTransitions: 54dab9ec0704e9d1e9ed4df52d1dffc4b80df13f

PODFILE CHECKSUM: 52e3f826e73218e6ba997deada31ed2edad4b329

COCOAPODS: 1.10.0
